
Microsoft Visual Studio Solution File, Format Version 12.00
# Visual Studio Version 17
VisualStudioVersion = 17.4.33213.308
MinimumVisualStudioVersion = 10.0.40219.1
Project("{9A19103F-16F7-4668-BE54-9A1E7A4F7556}") = "ParkingSystemAPI", "ParkingSystemAPI\ParkingSystemAPI.csproj", "{CF5C4C82-14E6-4557-A0F8-AD8712F6312C}"
EndProject
Project("{9A19103F-16F7-4668-BE54-9A1E7A4F7556}") = "ParkingSystem.ApplicationLayer.UnitTests", "ParkingSystem.ApplicationLayer.UnitTests\ParkingSystem.ApplicationLayer.UnitTests.csproj", "{7D75B54C-C923-4A9D-A944-893BB564AB05}"
EndProject
Project("{9A19103F-16F7-4668-BE54-9A1E7A4F7556}") = "ParkingSystem.Common", "ParkingSystem.Common\ParkingSystem.Common.csproj", "{EF20D3EF-8F69-4119-81C9-00C53DAEF8C9}"
EndProject
Project("{9A19103F-16F7-4668-BE54-9A1E7A4F7556}") = "ParkingSystem.ApplicationLayer", "ParkingSystem.ApplicationLayer\ParkingSystem.ApplicationLayer.csproj", "{757CC5D5-3E20-49AB-8EF1-DA336EEBE499}"
EndProject
Project("{9A19103F-16F7-4668-BE54-9A1E7A4F7556}") = "ParkingSystem.InfrastructureLayer", "ParkingSystem.InfrastructureLayer\ParkingSystem.InfrastructureLayer.csproj", "{53D8E17F-5CCB-44D2-863C-822CDF1E657E}"
EndProject
Global
	GlobalSection(SolutionConfigurationPlatforms) = preSolution
		Debug|Any CPU = Debug|Any CPU
		Release|Any CPU = Release|Any CPU
	EndGlobalSection
	GlobalSection(ProjectConfigurationPlatforms) = postSolution
		{CF5C4C82-14E6-4557-A0F8-AD8712F6312C}.Debug|Any CPU.ActiveCfg = Debug|Any CPU
		{CF5C4C82-14E6-4557-A0F8-AD8712F6312C}.Debug|Any CPU.Build.0 = Debug|Any CPU
		{CF5C4C82-14E6-4557-A0F8-AD8712F6312C}.Release|Any CPU.ActiveCfg = Release|Any CPU
		{CF5C4C82-14E6-4557-A0F8-AD8712F6312C}.Release|Any CPU.Build.0 = Release|Any CPU
		{7D75B54C-C923-4A9D-A944-893BB564AB05}.Debug|Any CPU.ActiveCfg = Debug|Any CPU
		{7D75B54C-C923-4A9D-A944-893BB564AB05}.Debug|Any CPU.Build.0 = Debug|Any CPU
		{7D75B54C-C923-4A9D-A944-893BB564AB05}.Release|Any CPU.ActiveCfg = Release|Any CPU
		{7D75B54C-C923-4A9D-A944-893BB564AB05}.Release|Any CPU.Build.0 = Release|Any CPU
		{EF20D3EF-8F69-4119-81C9-00C53DAEF8C9}.Debug|Any CPU.ActiveCfg = Debug|Any CPU
		{EF20D3EF-8F69-4119-81C9-00C53DAEF8C9}.Debug|Any CPU.Build.0 = Debug|Any CPU
		{EF20D3EF-8F69-4119-81C9-00C53DAEF8C9}.Release|Any CPU.ActiveCfg = Release|Any CPU
		{EF20D3EF-8F69-4119-81C9-00C53DAEF8C9}.Release|Any CPU.Build.0 = Release|Any CPU
		{757CC5D5-3E20-49AB-8EF1-DA336EEBE499}.Debug|Any CPU.ActiveCfg = Debug|Any CPU
		{757CC5D5-3E20-49AB-8EF1-DA336EEBE499}.Debug|Any CPU.Build.0 = Debug|Any CPU
		{757CC5D5-3E20-49AB-8EF1-DA336EEBE499}.Release|Any CPU.ActiveCfg = Release|Any CPU
		{757CC5D5-3E20-49AB-8EF1-DA336EEBE499}.Release|Any CPU.Build.0 = Release|Any CPU
		{53D8E17F-5CCB-44D2-863C-822CDF1E657E}.Debug|Any CPU.ActiveCfg = Debug|Any CPU
		{53D8E17F-5CCB-44D2-863C-822CDF1E657E}.Debug|Any CPU.Build.0 = Debug|Any CPU
		{53D8E17F-5CCB-44D2-863C-822CDF1E657E}.Release|Any CPU.ActiveCfg = Release|Any CPU
		{53D8E17F-5CCB-44D2-863C-822CDF1E657E}.Release|Any CPU.Build.0 = Release|Any CPU
	EndGlobalSection
	GlobalSection(SolutionProperties) = preSolution
		HideSolutionNode = FALSE
	EndGlobalSection
	GlobalSection(ExtensibilityGlobals) = postSolution
		SolutionGuid = {BEF5FE44-5629-4FB5-B014-49729BF6E120}
	EndGlobalSection
EndGlobal
